
Microsoft Visual Studio Solution File, Format Version 12.00
# Visual Studio Version 16
VisualStudioVersion = 16.0.29102.190
MinimumVisualStudioVersion = 10.0.40219.1
Project("{FAE04EC0-301F-11D3-BF4B-00C04F79EFBC}") = "SpeechRecognitionNet", "SpeechRecognitionNet\SpeechRecognitionNet.csproj", "{729B9B8F-416A-40DA-A5B5-BDFB445CE129}"
EndProject
Project("{FAE04EC0-301F-11D3-BF4B-00C04F79EFBC}") = "Sample", "Sample\Sample.csproj", "{F34F6FD6-19E8-400E-8808-D5438E64648F}"
EndProject
Global
	GlobalSection(SolutionConfigurationPlatforms) = preSolution
		Debug|Any CPU = Debug|Any CPU
		Release|Any CPU = Release|Any CPU
	EndGlobalSection
	GlobalSection(ProjectConfigurationPlatforms) = postSolution
		{729B9B8F-416A-40DA-A5B5-BDFB445CE129}.Debug|Any CPU.ActiveCfg = Debug|Any CPU
		{729B9B8F-416A-40DA-A5B5-BDFB445CE129}.Debug|Any CPU.Build.0 = Debug|Any CPU
		{729B9B8F-416A-40DA-A5B5-BDFB445CE129}.Release|Any CPU.ActiveCfg = Release|Any CPU
		{729B9B8F-416A-40DA-A5B5-BDFB445CE129}.Release|Any CPU.Build.0 = Release|Any CPU
		{F34F6FD6-19E8-400E-8808-D5438E64648F}.Debug|Any CPU.ActiveCfg = Debug|Any CPU
		{F34F6FD6-19E8-400E-8808-D5438E64648F}.Debug|Any CPU.Build.0 = Debug|Any CPU
		{F34F6FD6-19E8-400E-8808-D5438E64648F}.Release|Any CPU.ActiveCfg = Release|Any CPU
		{F34F6FD6-19E8-400E-8808-D5438E64648F}.Release|Any CPU.Build.0 = Release|Any CPU
	EndGlobalSection
	GlobalSection(SolutionProperties) = preSolution
		HideSolutionNode = FALSE
	EndGlobalSection
	GlobalSection(ExtensibilityGlobals) = postSolution
		SolutionGuid = {35991A36-020E-4B56-B90D-097DF5BA8717}
	EndGlobalSection
EndGlobal
